
Microsoft Visual Studio Solution File, Format Version 12.00
# Visual Studio Version 17
VisualStudioVersion = 17.1.32421.90
MinimumVisualStudioVersion = 10.0.40219.1
Project("{FAE04EC0-301F-11D3-BF4B-00C04F79EFBC}") = "Evaluación 2", "Evaluación 2.csproj", "{11EF63DA-DB83-460F-937D-28C3991C386B}"
EndProject
Global
	GlobalSection(SolutionConfigurationPlatforms) = preSolution
		Debug|Any CPU = Debug|Any CPU
		Release|Any CPU = Release|Any CPU
	EndGlobalSection
	GlobalSection(ProjectConfigurationPlatforms) = postSolution
		{11EF63DA-DB83-460F-937D-28C3991C386B}.Debug|Any CPU.ActiveCfg = Debug|Any CPU
		{11EF63DA-DB83-460F-937D-28C3991C386B}.Debug|Any CPU.Build.0 = Debug|Any CPU
		{11EF63DA-DB83-460F-937D-28C3991C386B}.Release|Any CPU.ActiveCfg = Release|Any CPU
		{11EF63DA-DB83-460F-937D-28C3991C386B}.Release|Any CPU.Build.0 = Release|Any CPU
	EndGlobalSection
	GlobalSection(SolutionProperties) = preSolution
		HideSolutionNode = FALSE
	EndGlobalSection
	GlobalSection(ExtensibilityGlobals) = postSolution
		SolutionGuid = {5404868E-2536-4EC8-A80D-777760160642}
	EndGlobalSection
EndGlobal
